%{
  "acceptor_pool": {:hex, :acceptor_pool, "1.0.0", "43c20d2acae35f0c2bcd64f9d2bde267e459f0f3fd23dab26485bf518c281b21", [:rebar3], [], "hexpm", "0cbcd83fdc8b9ad2eee2067ef8b91a14858a5883cb7cd800e6fcd5803e158788"},
  "basho_stats": {:hex, :basho_stats, "1.0.3", "7e1174151509c64fcc1934120ed32295e14f84daae7f84926ba2c8d3700d146c", [:rebar3], [], "hexpm", "d739e733b1c8afcaa467289fca50221753fc8cde6e7b53a79b67f98a2a261f5a"},
  "bear": {:hex, :bear, "0.8.7", "16264309ae5d005d03718a5c82641fcc259c9e8f09adeb6fd79ca4271168656f", [:rebar3], [], "hexpm", "534217dce6a719d59e54fb0eb7a367900dbfc5f85757e8c1f94269df383f6d9b"},
  "blume": {:hex, :blume, "0.1.1", "cfb4f43688690ba81c6a79f54e4678cfd5fdedab692f277ae740ae4a3897360d", [:rebar3], [], "hexpm", "c9fc424593158b4b09b79307a590e061995e4f465d0ff6483c8ee0f280f86e7a"},
  "chash": {:hex, :chash, "0.1.2", "af02484f2640c653c4b9a8557a14ca0704989dbedb27e7ccbc442f1903a3bca7", [:rebar3], [], "hexpm", "4dd80889da8fcf3953062508790ca54f149fe553fcd37a4d95438fb5efa3addf"},
  "clique": {:git, "https://github.com/Kyorai/clique.git", "1c6ae76d910b74801d6cfb7588a4f890e28abf33", [branch: "r21"]},
  "connection": {:hex, :connection, "1.0.4", "a1cae72211f0eef17705aaededacac3eb30e6625b04a6117c1b2db6ace7d5976", [:mix], [], "hexpm", "4a0850c9be22a43af9920a71ab17c051f5f7d45c209e40269a1938832510e4d9"},
  "cowboy": {:hex, :cowboy, "2.7.0", "91ed100138a764355f43316b1d23d7ff6bdb0de4ea618cb5d8677c93a7a2f115", [:rebar3], [{:cowlib, "~> 2.8.0", [hex: :cowlib, repo: "hexpm", optional: false]}, {:ranch, "~> 1.7.1", [hex: :ranch, repo: "hexpm", optional: false]}], "hexpm", "04fd8c6a39edc6aaa9c26123009200fc61f92a3a94f3178c527b70b767c6e605"},
  "cowlib": {:hex, :cowlib, "2.8.0", "fd0ff1787db84ac415b8211573e9a30a3ebe71b5cbff7f720089972b2319c8a4", [:rebar3], [], "hexpm", "79f954a7021b302186a950a32869dbc185523d99d3e44ce430cd1f3289f41ed4"},
  "cuttlefish": {:hex, :cuttlefish, "2.0.12", "1441a12bce207f7fc796a4da50d47080d21e83e15309ad6496de27840a54d5fc", [:rebar3], [{:getopt, "~>0.8.2", [hex: :getopt, repo: "hexpm", optional: false]}, {:lager, "~>3.2.1", [hex: :lager, repo: "hexpm", optional: false]}], "hexpm", "e3b30ee81bf5363c2571efce458c7eeda08cecf71f7cf6805584911593fe7136"},
  "db_connection": {:hex, :db_connection, "2.2.2", "3bbca41b199e1598245b716248964926303b5d4609ff065125ce98bcd368939e", [:mix], [{:connection, "~> 1.0.2", [hex: :connection, repo: "hexpm", optional: false]}], "hexpm", "642af240d8a8affb93b4ba5a6fcd2bbcbdc327e1a524b825d383711536f8070c"},
  "decimal": {:hex, :decimal, "1.8.1", "a4ef3f5f3428bdbc0d35374029ffcf4ede8533536fa79896dd450168d9acdf3c", [:mix], [], "hexpm", "3cb154b00225ac687f6cbd4acc4b7960027c757a5152b369923ead9ddbca7aec"},
  "diff": {:hex, :diff, "1.1.0", "7b91b77aa5eca71cb361a97d36f52e4e4a0e17b1a0a8045decd4aba3ec657982", [:mix], [], "hexpm", "3364bf94be8b73c9c42464200ebac563023972795d1d6e4adecf4216c9ae685a"},
  "ecto": {:hex, :ecto, "3.4.2", "6890af71025769bd27ef62b1ed1925cfe23f7f0460bcb3041da4b705215ff23e", [:mix], [{:decimal, "~> 1.6 or ~> 2.0", [hex: :decimal, repo: "hexpm", optional: false]}, {:jason, "~> 1.0", [hex: :jason, repo: "hexpm", optional: true]}, {:telemetry, "~> 0.4", [hex: :telemetry, repo: "hexpm", optional: false]}], "hexpm", "b3959b8a83e086202a4bd86b4b5e6e71f9f1840813de14a57d502d3fc2ef7132"},
  "ecto_sql": {:hex, :ecto_sql, "3.4.2", "3d842665a81ba2137b62aa70151afe81dae44824cd09b2076a255937ab4e2dc9", [:mix], [{:db_connection, "~> 2.2", [hex: :db_connection, repo: "hexpm", optional: false]}, {:ecto, "~> 3.4.0", [hex: :ecto, repo: "hexpm", optional: false]}, {:myxql, "~> 0.3.0 or ~> 0.4.0", [hex: :myxql, repo: "hexpm", optional: true]}, {:postgrex, "~> 0.15.0", [hex: :postgrex, repo: "hexpm", optional: true]}, {:tds, "~> 2.1.0", [hex: :tds, repo: "hexpm", optional: true]}, {:telemetry, "~> 0.4.0", [hex: :telemetry, repo: "hexpm", optional: false]}], "hexpm", "f2b064102467e1525314a464b6fea0707ff28ee132a15006727ccf51b73492ff"},
  "edown": {:git, "git://github.com/uwiger/edown.git", "b7c8eb0ac1859f8fce11cbfe3526f5ec83194776", [tag: "0.7"]},
  "eleveldb": {:hex, :eleveldb, "2.2.20", "1fff63a5055bbf4bf821f797ef76065882b193f5e8095f95fcd9287187773b58", [:rebar3], [], "hexpm", "0e67df12ef836a7bcdde9373c59f1ae18b335defd1d66b820d3d4dd7ca1844e2"},
  "exometer_core": {:git, "git://github.com/basho/exometer_core.git", "3e1516837e15918a7514a78d5126199e3deac989", [branch: "th/correct-dependencies"]},
  "folsom": {:hex, :folsom, "0.8.8", "9a2b02010f6727cb1948ef34e21cb66f3554b63355c3a31e8bcb10fb172c3170", [:rebar3], [{:bear, "0.8.7", [hex: :bear, repo: "hexpm", optional: false]}], "hexpm", "22daccb25764ac71c7c7c29964d7f9d4bb2c70858e0fd7816c2f630baca8f5c9"},
  "gen_fsm_compat": {:hex, :gen_fsm_compat, "0.3.0", "5903549f67d595f58a7101154cbe0fdd46955fbfbe40813f1e53c23a970ff5f4", [:rebar3], [], "hexpm", "7153d11bad328933d4b24e663d8cec52874e14176c7fb392fa1ff768b17460d9"},
  "getopt": {:hex, :getopt, "0.8.2", "b17556db683000ba50370b16c0619df1337e7af7ecbf7d64fbf8d1d6bce3109b", [:rebar3], [], "hexpm", "736e6db3679fbbad46373efb96b69509f8e420281635e9d92989af9f0a0483f7"},
  "gettext": {:hex, :gettext, "0.17.4", "f13088e1ec10ce01665cf25f5ff779e7df3f2dc71b37084976cf89d1aa124d5c", [:mix], [], "hexpm", "3c75b5ea8288e2ee7ea503ff9e30dfe4d07ad3c054576a6e60040e79a801e14d"},
  "goldrush": {:hex, :goldrush, "0.1.9", "f06e5d5f1277da5c413e84d5a2924174182fb108dabb39d5ec548b27424cd106", [:rebar3], [], "hexpm", "99cb4128cffcb3227581e5d4d803d5413fa643f4eb96523f77d9e6937d994ceb"},
  "jason": {:hex, :jason, "1.2.0", "10043418c42d2493d0ee212d3fddd25d7ffe484380afad769a0a38795938e448", [:mix], [{:decimal, "~> 1.0", [hex: :decimal, repo: "hexpm", optional: true]}], "hexpm", "116747dbe057794c3a3e4e143b7c8390b29f634e16c78a7f59ba75bfa6852e7f"},
  "json_diff_ex": {:hex, :json_diff_ex, "0.6.6", "e82dc78fe686b113881396c898fbb303759f0186bfe72fe97b1aaf5e4a3eb93e", [:mix], [], "hexpm", "e2b143777f4f3ea9d11c71682d882f220c728518a9212c56c298ad59a67fd25e"},
  "lager": {:git, "https://github.com/basho/lager.git", "81eaef0ce98fdbf64ab95665e3bc2ec4b24c7dac", [tag: "3.2.4"]},
  "mime": {:hex, :mime, "1.3.1", "30ce04ab3175b6ad0bdce0035cba77bba68b813d523d1aac73d9781b4d193cf8", [:mix], [], "hexpm", "6cbe761d6a0ca5a31a0931bf4c63204bceb64538e664a8ecf784a9a6f3b875f1"},
  "parse_trans": {:git, "git://github.com/uwiger/parse_trans.git", "a210adafdfbb904d156d8f22abd5fb58fc17de1e", [tag: "2.9.2"]},
  "partisan": {:git, "git://github.com/lasp-lang/partisan", "b122d73d664ae7259438d3c9c4e93d34becec08a", [branch: "master"]},
  "pbkdf2": {:git, "git://github.com/marianoguerra/erlang-pbkdf2-no-history", "b8561cf72b13497ee498ce00bb80e5f2d24f512f", [branch: "master"]},
  "phoenix": {:hex, :phoenix, "1.5.1", "95156589879dc69201d5fc0ebdbfdfc7901a09a3616ea611ec297f81340275a2", [:mix], [{:jason, "~> 1.0", [hex: :jason, repo: "hexpm", optional: true]}, {:phoenix_html, "~> 2.13", [hex: :phoenix_html, repo: "hexpm", optional: true]}, {:phoenix_pubsub, "~> 2.0", [hex: :phoenix_pubsub, repo: "hexpm", optional: false]}, {:plug, "~> 1.10", [hex: :plug, repo: "hexpm", optional: false]}, {:plug_cowboy, "~> 1.0 or ~> 2.2", [hex: :plug_cowboy, repo: "hexpm", optional: true]}, {:plug_crypto, "~> 1.1.2 or ~> 1.2", [hex: :plug_crypto, repo: "hexpm", optional: false]}, {:telemetry, "~> 0.4", [hex: :telemetry, repo: "hexpm", optional: false]}], "hexpm", "fc272b38e79d2881790fccae6f67a9fbe9b790103d6878175ea03d23003152eb"},
  "phoenix_ecto": {:hex, :phoenix_ecto, "4.1.0", "a044d0756d0464c5a541b4a0bf4bcaf89bffcaf92468862408290682c73ae50d", [:mix], [{:ecto, "~> 3.0", [hex: :ecto, repo: "hexpm", optional: false]}, {:phoenix_html, "~> 2.9", [hex: :phoenix_html, repo: "hexpm", optional: true]}, {:plug, "~> 1.0", [hex: :plug, repo: "hexpm", optional: false]}], "hexpm", "c5e666a341ff104d0399d8f0e4ff094559b2fde13a5985d4cb5023b2c2ac558b"},
  "phoenix_html": {:hex, :phoenix_html, "2.14.1", "7dabafadedb552db142aacbd1f11de1c0bbaa247f90c449ca549d5e30bbc66b4", [:mix], [{:plug, "~> 1.5", [hex: :plug, repo: "hexpm", optional: false]}], "hexpm", "536d5200ad37fecfe55b3241d90b7a8c3a2ca60cd012fc065f776324fa9ab0a9"},
  "phoenix_live_dashboard": {:hex, :phoenix_live_dashboard, "0.2.0", "dbb1c6c81ab47484b7dd8fb648a91c3d953deac1cf052c4e96c6d27f0a21b5b6", [:mix], [{:phoenix_html, "~> 2.14.1 or ~> 2.15", [hex: :phoenix_html, repo: "hexpm", optional: false]}, {:phoenix_live_view, "~> 0.12.0", [hex: :phoenix_live_view, repo: "hexpm", optional: false]}, {:telemetry_metrics, "~> 0.4.0", [hex: :telemetry_metrics, repo: "hexpm", optional: false]}], "hexpm", "439628cab6b7f9a66010df685b676198e9d3c426696ea106d6de2a7a24eab6bb"},
  "phoenix_live_view": {:hex, :phoenix_live_view, "0.12.1", "42f591c781edbf9fab921319076b7ac635d43aa23e6748d2644563326236d7e4", [:mix], [{:jason, "~> 1.0", [hex: :jason, repo: "hexpm", optional: true]}, {:phoenix, "~> 1.4.16 or ~> 1.5.0", [hex: :phoenix, repo: "hexpm", optional: false]}, {:phoenix_html, "~> 2.14", [hex: :phoenix_html, repo: "hexpm", optional: false]}], "hexpm", "585321e98df1cd5943e370b9784e950a37ca073744eb534660c9048967c52ab6"},
  "phoenix_pubsub": {:hex, :phoenix_pubsub, "2.0.0", "a1ae76717bb168cdeb10ec9d92d1480fec99e3080f011402c0a2d68d47395ffb", [:mix], [], "hexpm", "c52d948c4f261577b9c6fa804be91884b381a7f8f18450c5045975435350f771"},
  "plug": {:hex, :plug, "1.10.0", "6508295cbeb4c654860845fb95260737e4a8838d34d115ad76cd487584e2fc4d", [:mix], [{:mime, "~> 1.0", [hex: :mime, repo: "hexpm", optional: false]}, {:plug_crypto, "~> 1.1.1 or ~> 1.2", [hex: :plug_crypto, repo: "hexpm", optional: false]}, {:telemetry, "~> 0.4", [hex: :telemetry, repo: "hexpm", optional: true]}], "hexpm", "422a9727e667be1bf5ab1de03be6fa0ad67b775b2d84ed908f3264415ef29d4a"},
  "plug_cowboy": {:hex, :plug_cowboy, "2.2.1", "fcf58aa33227a4322a050e4783ee99c63c031a2e7f9a2eb7340d55505e17f30f", [:mix], [{:cowboy, "~> 2.7", [hex: :cowboy, repo: "hexpm", optional: false]}, {:plug, "~> 1.7", [hex: :plug, repo: "hexpm", optional: false]}, {:telemetry, "~> 0.4", [hex: :telemetry, repo: "hexpm", optional: false]}], "hexpm", "3b43de24460d87c0971887286e7a20d40462e48eb7235954681a20cee25ddeb6"},
  "plug_crypto": {:hex, :plug_crypto, "1.1.2", "bdd187572cc26dbd95b87136290425f2b580a116d3fb1f564216918c9730d227", [:mix], [], "hexpm", "6b8b608f895b6ffcfad49c37c7883e8df98ae19c6a28113b02aa1e9c5b22d6b5"},
  "poolboy": {:git, "https://github.com/Kyorai/poolboy.git", "58ae8431dcf9cc69045d618417e5e6e74c7e8dde", [branch: "r21"]},
  "postgrex": {:hex, :postgrex, "0.15.3", "5806baa8a19a68c4d07c7a624ccdb9b57e89cbc573f1b98099e3741214746ae4", [:mix], [{:connection, "~> 1.0", [hex: :connection, repo: "hexpm", optional: false]}, {:db_connection, "~> 2.1", [hex: :db_connection, repo: "hexpm", optional: false]}, {:decimal, "~> 1.5", [hex: :decimal, repo: "hexpm", optional: false]}, {:jason, "~> 1.0", [hex: :jason, repo: "hexpm", optional: true]}], "hexpm", "4737ce62a31747b4c63c12b20c62307e51bb4fcd730ca0c32c280991e0606c90"},
  "quickrand": {:hex, :quickrand, "1.8.0", "e47ce597ff067385ff5836c8c7706ac7f8aa7b47dd90c6417e05b64696f872fa", [:rebar3], [], "hexpm", "7ffadcf851fb4d1f7bc2952e955623be63f9c4a6b965fd207cc558d5aedbb6f9"},
  "ranch": {:hex, :ranch, "1.7.1", "6b1fab51b49196860b733a49c07604465a47bdb78aa10c1c16a3d199f7f8c881", [:rebar3], [], "hexpm", "451d8527787df716d99dc36162fca05934915db0b6141bbdac2ea8d3c7afc7d7"},
  "riak_core": {:git, "git://github.com/lasp-lang/riak_core", "ba4818aedef9cf961fe97d7357457266d9d0aab9", [branch: "partisan-support-r21"]},
  "riak_core_bootstrap": {:git, "https://github.com/queer/riak_core_bootstrap.git", "495009001cc625c3671697fd1ab9380043182c72", [branch: "master"]},
  "riak_core_partisan_utils": {:git, "git://github.com/lasp-lang/riak_core_partisan_utils", "c1e4941a60796dcf754c7eb9df61fb17b1c5498e", [branch: "master"]},
  "riak_ensemble": {:git, "git://github.com/Kyorai/riak_ensemble", "439512412860a33c788aaa25bb07540564b84f77", [branch: "develop"]},
  "riak_sysmon": {:git, "https://github.com/Kyorai/riak_sysmon.git", "086930e5641b6a0b0ce659f115e35b1f84780ef2", [branch: "vsn_plugin_update"]},
  "setup": {:git, "git://github.com/basho/setup.git", "4878261b8859909569509ad67f6efefb735651f0", [branch: "th/fix-edown-version"]},
  "telemetry": {:hex, :telemetry, "0.4.1", "ae2718484892448a24470e6aa341bc847c3277bfb8d4e9289f7474d752c09c7f", [:rebar3], [], "hexpm", "4738382e36a0a9a2b6e25d67c960e40e1a2c95560b9f936d8e29de8cd858480f"},
  "telemetry_metrics": {:hex, :telemetry_metrics, "0.4.2", "1de986fad9aa6bf81f8a33ddfd16e5d8ab0dec6272e624eb517c1a92a44d41a9", [:mix], [{:telemetry, "~> 0.4", [hex: :telemetry, repo: "hexpm", optional: false]}], "hexpm", "e56ffed2dbe293ab6cf7c94980faeb368cb360662c1927f54fc634a4ca55362e"},
  "telemetry_poller": {:hex, :telemetry_poller, "0.5.0", "4770888ef85599ead39c7f51d6b4b62306e602d96c69b2625d54dea3d9a5204b", [:rebar3], [{:telemetry, "~> 0.4", [hex: :telemetry, repo: "hexpm", optional: false]}], "hexpm", "69e4e8e65b0ae077c9e14cd5f42c7cc486de0e07ac6e3409e6f0e52699a7872c"},
  "types": {:hex, :types, "0.1.8", "5782b67231e8c174fe2835395e71e669fe0121076779d2a09f1c0d58ee0e2f13", [:rebar3], [], "hexpm", "04285239f4954c5ede56f78ed7778ede24e3f2e997f7b16402a167af0cc2658a"},
  "uniendo": {:git, "https://github.com/marianoguerra/uniendo.git", "e31431b7a083953b0119a1ba6455054017069f0b", [branch: "master"]},
  "uuid": {:hex, :uuid_erl, "1.8.0", "280014f8ff57fce36ee6e91c3ecf21cbfce78aae9854c09597bb4c11e27b66d6", [:rebar3], [{:quickrand, "~> 1.8.0", [hex: :quickrand, repo: "hexpm", optional: false]}], "hexpm", "08a59b19a93f0f319b7609516dce33d2366fa24429ef097d107b7d6998d7e9cc"},
}
